{
    "version": "0.5",
    "requires": [
        "vulkan-loader/1.4.313.0#7c6ffad754f94cc11f946badcf0a5034%1749666350.45",
        "vulkan-headers/1.4.313.0#83efc4aabdbe58d53aeae9494a720f7e%1747979764.107",
        "tl-expected/1.2.0#c30a2cd4e44fb474a1762e8679749a3e%1752825942.479",
        "tinyobjloader/1.0.7#c98d0e8b9f4d71b0227bf7ee9a6c6f77%1751640567.091",
        "tcb-span/cci.20220616#570af0552e249923e6e7a9751fd27662%1666045922.548",
        "stb/cci.20240531#ede183dce303916dab0c1b835df3926a%1720366012.336",
        "spirv-tools/1.4.313.0#b91ae08dd59b955d6f8bb94c99d18607%1749650673.542",
        "spirv-headers/1.4.313.0#1b4e8677b145751d3c0fd6388205a525%1753089612.958",
        "spdlog/1.14.1#4fd40d9cbc1978247443a10d2ace58fd%1731353169.75",
        "shaderc/2025.3#e1a13faa3b784e6a7bd43419f6a8152d%1757663585.142",
        "opengl/system#7c02ea6ef926fd04844af53622a30541%1730805494.23",
        "nlohmann_json/3.12.0#2d634ab0ec8d9f56353e5ccef6d6612c%1744735883.94",
        "glu/system#a5189f60c8270ac97ed29d7f36fffe39%1730978382.374",
        "glslang/1.4.313.0#dbb8822af8d91ce1119933a138b7b968%1749210156.249",
        "glm/cci.20230113#c9c89bea128786a245028f0cb4c1936d%1700512110.519",
        "glfw/3.4#41cc24c744dc4c80571f5dd10dcd9cda%1732635892.515",
        "glew/2.2.0#3a3eacd9dc24111c323773993c365b49%1744188138.33",
        "fmt/10.2.1#658771bb858b77f380be2ebb22c338e9%1735899167.615",
        "doctest/2.4.12#eb9fb352fb2fdfc8abb17ec270945165%1749889324.069"
    ],
    "build_requires": [
        "cmake/3.31.10#313d16a1aa16bbdb2ca0792467214b76%1763665505.054"
    ],
    "python_requires": [],
    "config_requires": []
}
