{
    "version": "0.5",
    "requires": [
        "zlib/1.3.1#cac0f6daea041b0ccf42934163defb20%1765284699.337",
        "tl-expected/1.2.0#c30a2cd4e44fb474a1762e8679749a3e%1752825942.479",
        "tinyobjloader/2.0.0-rc10#d34a46c931009cc6045094fcca6e5b4b%1751640564.209",
        "tcb-span/cci.20220616#570af0552e249923e6e7a9751fd27662%1666045922.548",
        "stb/cci.20240531#ede183dce303916dab0c1b835df3926a%1720366012.336",
        "spdlog/1.14.1#4fd40d9cbc1978247443a10d2ace58fd%1731353169.75",
        "slang/2026.1#83afd1d251dbf4896a2230101fdedc4b%1769368161.0298634",
        "opengl/system#7c02ea6ef926fd04844af53622a30541%1730805494.23",
        "nlohmann_json/3.12.0#2d634ab0ec8d9f56353e5ccef6d6612c%1744735883.94",
        "glm/cci.20230113#c9c89bea128786a245028f0cb4c1936d%1700512110.519",
        "glfw/3.4#41cc24c744dc4c80571f5dd10dcd9cda%1732635892.515",
        "fmt/10.2.1#658771bb858b77f380be2ebb22c338e9%1735899167.615",
        "doctest/2.4.12#eb9fb352fb2fdfc8abb17ec270945165%1749889324.069",
        "bzip2/1.0.8#c470882369c2d95c5c77e970c0c7e321%1762886692.465",
        "boost/1.90.0#d5e8defe7355494953be18524a7f135b%1765955095.179"
    ],
    "build_requires": [
        "b2/5.4.2#ffd6084a119587e70f11cd45d1a386e2%1766594659.866"
    ],
    "python_requires": [],
    "config_requires": []
}
